
Microsoft Visual Studio Solution File, Format Version 12.00
# Visual Studio Version 17
VisualStudioVersion = 17.3.32922.545
MinimumVisualStudioVersion = 10.0.40219.1
Project("{FAE04EC0-301F-11D3-BF4B-00C04F79EFBC}") = "Web Browser", "Web Browser.csproj", "{86FCEBF3-7BCC-41E4-9F31-4ACD298E9503}"
EndProject
Global
	GlobalSection(SolutionConfigurationPlatforms) = preSolution
		Debug|Any CPU = Debug|Any CPU
		Release|Any CPU = Release|Any CPU
	EndGlobalSection
	GlobalSection(ProjectConfigurationPlatforms) = postSolution
		{86FCEBF3-7BCC-41E4-9F31-4ACD298E9503}.Debug|Any CPU.ActiveCfg = Debug|Any CPU
		{86FCEBF3-7BCC-41E4-9F31-4ACD298E9503}.Debug|Any CPU.Build.0 = Debug|Any CPU
		{86FCEBF3-7BCC-41E4-9F31-4ACD298E9503}.Release|Any CPU.ActiveCfg = Release|Any CPU
		{86FCEBF3-7BCC-41E4-9F31-4ACD298E9503}.Release|Any CPU.Build.0 = Release|Any CPU
	EndGlobalSection
	GlobalSection(SolutionProperties) = preSolution
		HideSolutionNode = FALSE
	EndGlobalSection
	GlobalSection(ExtensibilityGlobals) = postSolution
		SolutionGuid = {7B97BF8D-1BE0-4B60-BEE6-B7E19074B046}
	EndGlobalSection
EndGlobal
